
Microsoft Visual Studio Solution File, Format Version 12.00
# Visual Studio Version 16
VisualStudioVersion = 16.0.34031.81
MinimumVisualStudioVersion = 10.0.40219.1
Project("{FAE04EC0-301F-11D3-BF4B-00C04F79EFBC}") = "Tydzien7Lekcja27ZD", "Tydzien7Lekcja27ZD\Tydzien7Lekcja27ZD.csproj", "{C0B22195-70DE-4C90-B49D-D0967CEEF85E}"
EndProject
Global
	GlobalSection(SolutionConfigurationPlatforms) = preSolution
		Debug|Any CPU = Debug|Any CPU
		Release|Any CPU = Release|Any CPU
	EndGlobalSection
	GlobalSection(ProjectConfigurationPlatforms) = postSolution
		{C0B22195-70DE-4C90-B49D-D0967CEEF85E}.Debug|Any CPU.ActiveCfg = Debug|Any CPU
		{C0B22195-70DE-4C90-B49D-D0967CEEF85E}.Debug|Any CPU.Build.0 = Debug|Any CPU
		{C0B22195-70DE-4C90-B49D-D0967CEEF85E}.Release|Any CPU.ActiveCfg = Release|Any CPU
		{C0B22195-70DE-4C90-B49D-D0967CEEF85E}.Release|Any CPU.Build.0 = Release|Any CPU
	EndGlobalSection
	GlobalSection(SolutionProperties) = preSolution
		HideSolutionNode = FALSE
	EndGlobalSection
	GlobalSection(ExtensibilityGlobals) = postSolution
		SolutionGuid = {4BB1264D-F278-4225-8C07-E2331B6B8C9D}
	EndGlobalSection
EndGlobal
